
Microsoft Visual Studio Solution File, Format Version 12.00
# Visual Studio Version 16
VisualStudioVersion = 16.0.35325.158
MinimumVisualStudioVersion = 10.0.40219.1
Project("{8BC9CEB8-8B4A-11D0-8D11-00A0C91BC942}") = "task01", "task01\task01.vcxproj", "{EE3E704E-C531-4318-96CC-68C781A774BD}"
EndProject
Global
	GlobalSection(SolutionConfigurationPlatforms) = preSolution
		Debug|x64 = Debug|x64
		Debug|x86 = Debug|x86
		Release|x64 = Release|x64
		Release|x86 = Release|x86
	EndGlobalSection
	GlobalSection(ProjectConfigurationPlatforms) = postSolution
		{EE3E704E-C531-4318-96CC-68C781A774BD}.Debug|x64.ActiveCfg = Debug|x64
		{EE3E704E-C531-4318-96CC-68C781A774BD}.Debug|x64.Build.0 = Debug|x64
		{EE3E704E-C531-4318-96CC-68C781A774BD}.Debug|x86.ActiveCfg = Debug|Win32
		{EE3E704E-C531-4318-96CC-68C781A774BD}.Debug|x86.Build.0 = Debug|Win32
		{EE3E704E-C531-4318-96CC-68C781A774BD}.Release|x64.ActiveCfg = Release|x64
		{EE3E704E-C531-4318-96CC-68C781A774BD}.Release|x64.Build.0 = Release|x64
		{EE3E704E-C531-4318-96CC-68C781A774BD}.Release|x86.ActiveCfg = Release|Win32
		{EE3E704E-C531-4318-96CC-68C781A774BD}.Release|x86.Build.0 = Release|Win32
	EndGlobalSection
	GlobalSection(SolutionProperties) = preSolution
		HideSolutionNode = FALSE
	EndGlobalSection
	GlobalSection(ExtensibilityGlobals) = postSolution
		SolutionGuid = {A34E0FFB-0B2F-400E-A82B-E78C1B545C1C}
	EndGlobalSection
EndGlobal
